dependencies:
- name: postgresql
  repository: https://charts.bitnami.com/bitnami
  version: 10.5.2
- name: cp-helm-charts
  repository: https://confluentinc.github.io/cp-helm-charts/
  version: 0.6.1
- name: base
  repository: file://../../base
  version: 0.1.0
digest: sha256:3872897399e476b893056272254c8e2a697592abe7a8f1c2f0523cb17a6c26ca
generated: "2022-05-10T11:20:54.787112+03:00"
