dependencies:
- name: postgresql
  repository: https://charts.bitnami.com/bitnami
  version: 10.5.2
- name: cp-helm-charts
  repository: https://confluentinc.github.io/cp-helm-charts/
  version: 0.6.1
- name: base
  repository: file://../../base
  version: 0.1.0
digest: sha256:b60b103f18a0d9354fb6e99ec2c3b2a4fda353c62b0de3b8c7bcc0c1c73d5c75
generated: "2022-04-28T16:05:52.559179+03:00"
