{
  "name": "@amplication/code-gen-types",
  "version": "2.0.2-beta.0",
  "lockfileVersion": 2,
  "requires": true,
  "packages": {
    "": {
      "name": "@amplication/code-gen-types",
      "version": "2.0.2-beta.0",
      "peerDependencies": {
        "type-fest": "^3.11.0"
      }
    },
    "node_modules/type-fest": {
      "version": "3.11.1",
      "resolved": "https://registry.npmjs.org/type-fest/-/type-fest-3.11.1.tgz",
      "integrity": "sha512-aCuRNRERRVh33lgQaJRlUxZqzfhzwTrsE98Mc3o3VXqmiaQdHacgUtJ0esp+7MvZ92qhtzKPeusaX6vIEcoreA==",
      "peer": true,
      "engines": {
        "node": ">=14.16"
      },
      "funding": {
        "url": "https://github.com/sponsors/sindresorhus"
      }
    }
  },
  "dependencies": {
    "type-fest": {
      "version": "3.11.1",
      "resolved": "https://registry.npmjs.org/type-fest/-/type-fest-3.11.1.tgz",
      "integrity": "sha512-aCuRNRERRVh33lgQaJRlUxZqzfhzwTrsE98Mc3o3VXqmiaQdHacgUtJ0esp+7MvZ92qhtzKPeusaX6vIEcoreA==",
      "peer": true
    }
  }
}
