dependencies:
- name: base
  repository: file://../base
  version: 0.1.0
- name: postgresql
  repository: https://charts.bitnami.com/bitnami
  version: 10.16.2
- name: cp-helm-charts
  repository: https://confluentinc.github.io/cp-helm-charts/
  version: 0.6.1
digest: sha256:7c504352dc319a9b8d9dc7dca8d8276d3ed518639122efd357f733d29331c580
generated: "2022-07-07T15:12:14.764047+03:00"
