dependencies:
- name: base
  repository: file://../base
  version: 0.1.0
- name: postgresql
  repository: https://charts.bitnami.com/bitnami
  version: 10.16.2
- name: cp-helm-charts
  repository: https://confluentinc.github.io/cp-helm-charts/
  version: 0.6.1
digest: sha256:cf82f11204d45fb47c76738cc8a8a224c9270f0ea150cead85d559491a0445f1
generated: "2022-07-04T15:57:13.370854+03:00"
