# Prisma Migrate lockfile v1

20200917163133
20201004110208
20201006094009
20201007114144-build-images
20201009125838-action-step-name
20201011131633-remove-build-status
20201013143702-enum-deployment-status
20201019053340-build-container-status
20201020131219-remove-auto-number
20201020190047-deployment-status-query
20201025114636-new-data-types
20201115151445-release-model
20210110080906
20210114141454-add-action-log-step-id-index
20210114143706-add-action-id-index-to-action-step
20210302151450-apitoken
20210303082036-add-unique-apitoken-name