{
    "name": "amplication-basic-auth-plugin",
    "version": "0.0.4",
    "lockfileVersion": 2,
    "requires": true,
    "packages": {
        "": {
            "name": "amplication-basic-auth-plugin",
            "version": "0.0.4",
            "dependencies": {
                "@babel/parser": "^7.17.10",
                "@babel/types": "^7.17.10",
                "ast-types": "0.14.2",
                "fast-glob": "^3.2.11",
                "lodash": "4.17.20",
                "normalize-path": "3.0.0",
                "path": "^0.12.7",
                "prettier": "^2.6.2",
                "recast": "0.20.5"
            },
            "devDependencies": {
                "@types/lodash": "4.14.182",
                "@types/node": "^17.0.33",
                "@types/normalize-path": "3.0.0",
                "@types/prettier": "^2.6.1",
                "typescript": "^4.6.4"
            }
        },
        "node_modules/@babel/helper-validator-identifier": {
            "version": "7.16.7",
            "license": "MIT",
            "engines": {
                "node": ">=6.9.0"
            }
        },
        "node_modules/@babel/parser": {
            "version": "7.17.10",
            "license": "MIT",
            "bin": {
                "parser": "bin/babel-parser.js"
            },
            "engines": {
                "node": ">=6.0.0"
            }
        },
        "node_modules/@babel/types": {
            "version": "7.17.10",
            "license": "MIT",
            "dependencies": {
                "@babel/helper-validator-identifier": "^7.16.7",
                "to-fast-properties": "^2.0.0"
            },
            "engines": {
                "node": ">=6.9.0"
            }
        },
        "node_modules/@nodelib/fs.scandir": {
            "version": "2.1.5",
            "license": "MIT",
            "dependencies": {
                "@nodelib/fs.stat": "2.0.5",
                "run-parallel": "^1.1.9"
            },
            "engines": {
                "node": ">= 8"
            }
        },
        "node_modules/@nodelib/fs.stat": {
            "version": "2.0.5",
            "license": "MIT",
            "engines": {
                "node": ">= 8"
            }
        },
        "node_modules/@nodelib/fs.walk": {
            "version": "1.2.8",
            "license": "MIT",
            "dependencies": {
                "@nodelib/fs.scandir": "2.1.5",
                "fastq": "^1.6.0"
            },
            "engines": {
                "node": ">= 8"
            }
        },
        "node_modules/@types/lodash": {
            "version": "4.14.182",
            "dev": true,
            "license": "MIT"
        },
        "node_modules/@types/node": {
            "version": "17.0.33",
            "dev": true,
            "license": "MIT"
        },
        "node_modules/@types/normalize-path": {
            "version": "3.0.0",
            "dev": true,
            "license": "MIT"
        },
        "node_modules/@types/prettier": {
            "version": "2.6.1",
            "dev": true,
            "license": "MIT"
        },
        "node_modules/ast-types": {
            "version": "0.14.2",
            "license": "MIT",
            "dependencies": {
                "tslib": "^2.0.1"
            },
            "engines": {
                "node": ">=4"
            }
        },
        "node_modules/braces": {
            "version": "3.0.2",
            "license": "MIT",
            "dependencies": {
                "fill-range": "^7.0.1"
            },
            "engines": {
                "node": ">=8"
            }
        },
        "node_modules/esprima": {
            "version": "4.0.1",
            "license": "BSD-2-Clause",
            "bin": {
                "esparse": "bin/esparse.js",
                "esvalidate": "bin/esvalidate.js"
            },
            "engines": {
                "node": ">=4"
            }
        },
        "node_modules/fast-glob": {
            "version": "3.2.11",
            "license": "MIT",
            "dependencies": {
                "@nodelib/fs.stat": "^2.0.2",
                "@nodelib/fs.walk": "^1.2.3",
                "glob-parent": "^5.1.2",
                "merge2": "^1.3.0",
                "micromatch": "^4.0.4"
            },
            "engines": {
                "node": ">=8.6.0"
            }
        },
        "node_modules/fastq": {
            "version": "1.13.0",
            "license": "ISC",
            "dependencies": {
                "reusify": "^1.0.4"
            }
        },
        "node_modules/fill-range": {
            "version": "7.0.1",
            "license": "MIT",
            "dependencies": {
                "to-regex-range": "^5.0.1"
            },
            "engines": {
                "node": ">=8"
            }
        },
        "node_modules/glob-parent": {
            "version": "5.1.2",
            "license": "ISC",
            "dependencies": {
                "is-glob": "^4.0.1"
            },
            "engines": {
                "node": ">= 6"
            }
        },
        "node_modules/inherits": {
            "version": "2.0.3",
            "license": "ISC"
        },
        "node_modules/is-extglob": {
            "version": "2.1.1",
            "license": "MIT",
            "engines": {
                "node": ">=0.10.0"
            }
        },
        "node_modules/is-glob": {
            "version": "4.0.3",
            "license": "MIT",
            "dependencies": {
                "is-extglob": "^2.1.1"
            },
            "engines": {
                "node": ">=0.10.0"
            }
        },
        "node_modules/is-number": {
            "version": "7.0.0",
            "license": "MIT",
            "engines": {
                "node": ">=0.12.0"
            }
        },
        "node_modules/lodash": {
            "version": "4.17.20",
            "license": "MIT"
        },
        "node_modules/merge2": {
            "version": "1.4.1",
            "license": "MIT",
            "engines": {
                "node": ">= 8"
            }
        },
        "node_modules/micromatch": {
            "version": "4.0.5",
            "license": "MIT",
            "dependencies": {
                "braces": "^3.0.2",
                "picomatch": "^2.3.1"
            },
            "engines": {
                "node": ">=8.6"
            }
        },
        "node_modules/normalize-path": {
            "version": "3.0.0",
            "license": "MIT",
            "engines": {
                "node": ">=0.10.0"
            }
        },
        "node_modules/path": {
            "version": "0.12.7",
            "license": "MIT",
            "dependencies": {
                "process": "^0.11.1",
                "util": "^0.10.3"
            }
        },
        "node_modules/picomatch": {
            "version": "2.3.1",
            "license": "MIT",
            "engines": {
                "node": ">=8.6"
            },
            "funding": {
                "url": "https://github.com/sponsors/jonschlinkert"
            }
        },
        "node_modules/prettier": {
            "version": "2.6.2",
            "license": "MIT",
            "bin": {
                "prettier": "bin-prettier.js"
            },
            "engines": {
                "node": ">=10.13.0"
            },
            "funding": {
                "url": "https://github.com/prettier/prettier?sponsor=1"
            }
        },
        "node_modules/process": {
            "version": "0.11.10",
            "license": "MIT",
            "engines": {
                "node": ">= 0.6.0"
            }
        },
        "node_modules/queue-microtask": {
            "version": "1.2.3",
            "funding": [
                {
                    "type": "github",
                    "url": "https://github.com/sponsors/feross"
                },
                {
                    "type": "patreon",
                    "url": "https://www.patreon.com/feross"
                },
                {
                    "type": "consulting",
                    "url": "https://feross.org/support"
                }
            ],
            "license": "MIT"
        },
        "node_modules/recast": {
            "version": "0.20.5",
            "license": "MIT",
            "dependencies": {
                "ast-types": "0.14.2",
                "esprima": "~4.0.0",
                "source-map": "~0.6.1",
                "tslib": "^2.0.1"
            },
            "engines": {
                "node": ">= 4"
            }
        },
        "node_modules/reusify": {
            "version": "1.0.4",
            "license": "MIT",
            "engines": {
                "iojs": ">=1.0.0",
                "node": ">=0.10.0"
            }
        },
        "node_modules/run-parallel": {
            "version": "1.2.0",
            "funding": [
                {
                    "type": "github",
                    "url": "https://github.com/sponsors/feross"
                },
                {
                    "type": "patreon",
                    "url": "https://www.patreon.com/feross"
                },
                {
                    "type": "consulting",
                    "url": "https://feross.org/support"
                }
            ],
            "license": "MIT",
            "dependencies": {
                "queue-microtask": "^1.2.2"
            }
        },
        "node_modules/source-map": {
            "version": "0.6.1",
            "license": "BSD-3-Clause",
            "engines": {
                "node": ">=0.10.0"
            }
        },
        "node_modules/to-fast-properties": {
            "version": "2.0.0",
            "license": "MIT",
            "engines": {
                "node": ">=4"
            }
        },
        "node_modules/to-regex-range": {
            "version": "5.0.1",
            "license": "MIT",
            "dependencies": {
                "is-number": "^7.0.0"
            },
            "engines": {
                "node": ">=8.0"
            }
        },
        "node_modules/tslib": {
            "version": "2.4.0",
            "license": "0BSD"
        },
        "node_modules/typescript": {
            "version": "4.6.4",
            "dev": true,
            "license": "Apache-2.0",
            "bin": {
                "tsc": "bin/tsc",
                "tsserver": "bin/tsserver"
            },
            "engines": {
                "node": ">=4.2.0"
            }
        },
        "node_modules/util": {
            "version": "0.10.4",
            "license": "MIT",
            "dependencies": {
                "inherits": "2.0.3"
            }
        }
    },
    "dependencies": {
        "@babel/helper-validator-identifier": {
            "version": "7.16.7"
        },
        "@babel/parser": {
            "version": "7.17.10"
        },
        "@babel/types": {
            "version": "7.17.10",
            "requires": {
                "@babel/helper-validator-identifier": "^7.16.7",
                "to-fast-properties": "^2.0.0"
            }
        },
        "@nodelib/fs.scandir": {
            "version": "2.1.5",
            "requires": {
                "@nodelib/fs.stat": "2.0.5",
                "run-parallel": "^1.1.9"
            }
        },
        "@nodelib/fs.stat": {
            "version": "2.0.5"
        },
        "@nodelib/fs.walk": {
            "version": "1.2.8",
            "requires": {
                "@nodelib/fs.scandir": "2.1.5",
                "fastq": "^1.6.0"
            }
        },
        "@types/lodash": {
            "version": "4.14.182",
            "dev": true
        },
        "@types/node": {
            "version": "17.0.33",
            "dev": true
        },
        "@types/normalize-path": {
            "version": "3.0.0",
            "dev": true
        },
        "@types/prettier": {
            "version": "2.6.1",
            "dev": true
        },
        "ast-types": {
            "version": "0.14.2",
            "requires": {
                "tslib": "^2.0.1"
            }
        },
        "braces": {
            "version": "3.0.2",
            "requires": {
                "fill-range": "^7.0.1"
            }
        },
        "esprima": {
            "version": "4.0.1"
        },
        "fast-glob": {
            "version": "3.2.11",
            "requires": {
                "@nodelib/fs.stat": "^2.0.2",
                "@nodelib/fs.walk": "^1.2.3",
                "glob-parent": "^5.1.2",
                "merge2": "^1.3.0",
                "micromatch": "^4.0.4"
            }
        },
        "fastq": {
            "version": "1.13.0",
            "requires": {
                "reusify": "^1.0.4"
            }
        },
        "fill-range": {
            "version": "7.0.1",
            "requires": {
                "to-regex-range": "^5.0.1"
            }
        },
        "glob-parent": {
            "version": "5.1.2",
            "requires": {
                "is-glob": "^4.0.1"
            }
        },
        "inherits": {
            "version": "2.0.3"
        },
        "is-extglob": {
            "version": "2.1.1"
        },
        "is-glob": {
            "version": "4.0.3",
            "requires": {
                "is-extglob": "^2.1.1"
            }
        },
        "is-number": {
            "version": "7.0.0"
        },
        "lodash": {
            "version": "4.17.20"
        },
        "merge2": {
            "version": "1.4.1"
        },
        "micromatch": {
            "version": "4.0.5",
            "requires": {
                "braces": "^3.0.2",
                "picomatch": "^2.3.1"
            }
        },
        "normalize-path": {
            "version": "3.0.0"
        },
        "path": {
            "version": "0.12.7",
            "requires": {
                "process": "^0.11.1",
                "util": "^0.10.3"
            }
        },
        "picomatch": {
            "version": "2.3.1"
        },
        "prettier": {
            "version": "2.6.2"
        },
        "process": {
            "version": "0.11.10"
        },
        "queue-microtask": {
            "version": "1.2.3"
        },
        "recast": {
            "version": "0.20.5",
            "requires": {
                "ast-types": "0.14.2",
                "esprima": "~4.0.0",
                "source-map": "~0.6.1",
                "tslib": "^2.0.1"
            }
        },
        "reusify": {
            "version": "1.0.4"
        },
        "run-parallel": {
            "version": "1.2.0",
            "requires": {
                "queue-microtask": "^1.2.2"
            }
        },
        "source-map": {
            "version": "0.6.1"
        },
        "to-fast-properties": {
            "version": "2.0.0"
        },
        "to-regex-range": {
            "version": "5.0.1",
            "requires": {
                "is-number": "^7.0.0"
            }
        },
        "tslib": {
            "version": "2.4.0"
        },
        "typescript": {
            "version": "4.6.4",
            "dev": true
        },
        "util": {
            "version": "0.10.4",
            "requires": {
                "inherits": "2.0.3"
            }
        }
    }
}
