dependencies:
- name: amplication-client
  repository: file://../services/amplication-client
  version: 0.1.0
- name: base
  repository: file://../base
  version: 0.1.0
- name: amplication-server
  repository: file://../services/amplication-server
  version: 0.1.0
- name: amplication-git-pull-request-service
  repository: file://../services/amplication-git-pull-request-service
  version: 0.1.0
- name: amplication-git-pull-service
  repository: file://../services/amplication-git-pull-service
  version: 0.1.0
- name: amplication-git-push-webhook-service
  repository: file://../services/amplication-git-push-webhook-service
  version: 0.1.0
- name: amplication-storage-gateway
  repository: file://../services/amplication-storage-gateway
  version: 0.1.0
- name: infra
  repository: file://../infra
  version: 0.1.0
- name: amplication-build-manager-service
  repository: file://../services/amplication-build-manager-service
  version: 0.1.0
- name: amplication-kafka-proxy
  repository: file://../services/amplication-kafka-proxy
  version: 0.1.0
- name: postgresql
  repository: https://charts.bitnami.com/bitnami
  version: 10.16.2
- name: cp-helm-charts
  repository: https://confluentinc.github.io/cp-helm-charts/
  version: 0.6.1
- name: kafka-ui
  repository: https://provectus.github.io/kafka-ui
  version: v0.4.1
digest: sha256:ff89e6897aa4fc33629f68fad79097789aeddcba0a9e64236c7a474da7d0a6a6
generated: "2022-08-22T18:22:22.237289408+02:00"
