dependencies:
- name: postgresql
  repository: https://charts.bitnami.com/bitnami
  version: 10.16.2
- name: base
  repository: file://../../base
  version: 0.1.0
- name: infra
  repository: file://../../infra
  version: 0.1.0
digest: sha256:0ad9d81fb1367dd22166f55f99f995f84e4ea52d5863cde1795818169e2533cf
generated: "2022-06-26T14:03:06.719217+03:00"
