dependencies:
- name: postgresql
  repository: https://charts.bitnami.com/bitnami
  version: 10.16.2
- name: base
  repository: file://../../base
  version: 0.1.0
- name: infra
  repository: file://../../infra
  version: 0.1.0
digest: sha256:1415e6adcf51d6590e61954c06845f2e178e2544b318409af53e189bbca2bfed
generated: "2022-06-26T14:38:12.746545+03:00"
