name: Staging Terraform Force Unlock

on:
  workflow_dispatch:
    inputs:
      lock-id:
        description: "Terraform Lock Id"
        required: true

jobs:
  deploy:
    runs-on: ubuntu-latest
    timeout-minutes: 30
    steps:
      - uses: actions/checkout@v2
      - uses: hashicorp/setup-terraform@v1
      - run: terraform init
        env:
          GOOGLE_CREDENTIALS: ${{ secrets.GOOGLE_CREDENTIALS }}
        working-directory: terraform/envs/dev
      - run: terraform force-unlock -force ${{ github.event.inputs.lock-id }}
        env:
          GOOGLE_CREDENTIALS: ${{ secrets.GOOGLE_CREDENTIALS }}
        working-directory: terraform/envs/dev